
Microsoft Visual Studio Solution File, Format Version 12.00
# Visual Studio 15
VisualStudioVersion = 15.0.28010.2003
MinimumVisualStudioVersion = 10.0.40219.1
Project("{FAE04EC0-301F-11D3-BF4B-00C04F79EFBC}") = "GayMaker", "GayMaker\GayMaker.csproj", "{F189E983-481E-4740-81B7-13A415D68636}"
EndProject
Global
	GlobalSection(SolutionConfigurationPlatforms) = preSolution
		Debug|Any CPU = Debug|Any CPU
		Release|Any CPU = Release|Any CPU
	EndGlobalSection
	GlobalSection(ProjectConfigurationPlatforms) = postSolution
		{F189E983-481E-4740-81B7-13A415D68636}.Debug|Any CPU.ActiveCfg = Debug|Any CPU
		{F189E983-481E-4740-81B7-13A415D68636}.Debug|Any CPU.Build.0 = Debug|Any CPU
		{F189E983-481E-4740-81B7-13A415D68636}.Release|Any CPU.ActiveCfg = Release|Any CPU
		{F189E983-481E-4740-81B7-13A415D68636}.Release|Any CPU.Build.0 = Release|Any CPU
	EndGlobalSection
	GlobalSection(SolutionProperties) = preSolution
		HideSolutionNode = FALSE
	EndGlobalSection
	GlobalSection(ExtensibilityGlobals) = postSolution
		SolutionGuid = {2B72F881-81B5-4BB4-AE0A-2DCB6609589D}
	EndGlobalSection
EndGlobal
